
Microsoft Visual Studio Solution File, Format Version 12.00
# Visual Studio Version 16
VisualStudioVersion = 16.0.31729.503
MinimumVisualStudioVersion = 10.0.40219.1
Project("{2150E333-8FDC-42A3-9474-1A3956D46DE8}") = "0 - Apresentação", "0 - Apresentação", "{6935F5F6-3A10-4F2C-ADC3-D2BE0B4ACA9F}"
EndProject
Project("{FAE04EC0-301F-11D3-BF4B-00C04F79EFBC}") = "AR.Apresentacao", "AR.Apresentacao\AR.Apresentacao.csproj", "{AFC298D2-67BB-4264-B7F6-CE6EFB59E705}"
EndProject
Global
	GlobalSection(SolutionConfigurationPlatforms) = preSolution
		Debug|Any CPU = Debug|Any CPU
		Release|Any CPU = Release|Any CPU
	EndGlobalSection
	GlobalSection(ProjectConfigurationPlatforms) = postSolution
		{AFC298D2-67BB-4264-B7F6-CE6EFB59E705}.Debug|Any CPU.ActiveCfg = Debug|Any CPU
		{AFC298D2-67BB-4264-B7F6-CE6EFB59E705}.Debug|Any CPU.Build.0 = Debug|Any CPU
		{AFC298D2-67BB-4264-B7F6-CE6EFB59E705}.Release|Any CPU.ActiveCfg = Release|Any CPU
		{AFC298D2-67BB-4264-B7F6-CE6EFB59E705}.Release|Any CPU.Build.0 = Release|Any CPU
	EndGlobalSection
	GlobalSection(SolutionProperties) = preSolution
		HideSolutionNode = FALSE
	EndGlobalSection
	GlobalSection(NestedProjects) = preSolution
		{AFC298D2-67BB-4264-B7F6-CE6EFB59E705} = {6935F5F6-3A10-4F2C-ADC3-D2BE0B4ACA9F}
	EndGlobalSection
	GlobalSection(ExtensibilityGlobals) = postSolution
		SolutionGuid = {7CEF78FF-E7DF-4530-A48F-E7EE48C22E55}
	EndGlobalSection
EndGlobal
